github.com/LoveWonYoung/bincopy_go v1.0.0 h1:ZxrbAmworlzGgAuzQyGsv5sH31RkJWy2O1YOisiUlaw=
github.com/LoveWonYoung/bincopy_go v1.0.0/go.mod h1:tKGPadEsMrzj6f6EWgNT9JmsOf2BnVj4ykBENl+TTwA=
github.com/marcinbor85/gohex v0.0.0-20210308104911-55fb1c624d84 h1:hyAgCuG5nqTMDeUD8KZs7HSPs6KprPgPP8QmGV8nyvk=
github.com/marcinbor85/gohex v0.0.0-20210308104911-55fb1c624d84/go.mod h1:Pb6XcsXyropB9LNHhnqaknG/vEwYztLkQzVCHv8sQ3M=
golang.org/x/sys v0.40.0 h1:DBZZqJ2Rkml6QMQsZywtnjnnGvHza6BTfYFWY9kjEWQ=
golang.org/x/sys v0.40.0/go.mod h1:OgkHotnGiDImocRcuBABYBEXf8A9a87e/uXjp9XT3ks=
